// !$*UTF8*$!
{
	archiveVersion = 1;
	classes = {
	};
	objectVersion = 50;
	objects = {

/* Begin PBXBuildFile section */
		506F363B2354C0FD0021BAAB /* AppDelegate.swift in Sources */ = {isa = PBXBuildFile; fileRef = 506F363A2354C0FD0021BAAB /* AppDelegate.swift */; };
		506F363D2354C0FD0021BAAB /* SceneDelegate.swift in Sources */ = {isa = PBXBuildFile; fileRef = 506F363C2354C0FD0021BAAB /* SceneDelegate.swift */; };
		506F36442354C0FD0021BAAB /* Assets.xcassets in Resources */ = {isa = PBXBuildFile; fileRef = 506F36432354C0FD0021BAAB /* Assets.xcassets */; };
		506F36522354C0FD0021BAAB /* AnimationsLab2Tests.swift in Sources */ = {isa = PBXBuildFile; fileRef = 506F36512354C0FD0021BAAB /* AnimationsLab2Tests.swift */; };
		506F365D2354C14F0021BAAB /* AnimationsVC.swift in Sources */ = {isa = PBXBuildFile; fileRef = 506F365C2354C14F0021BAAB /* AnimationsVC.swift */; };
		506F36612354FD140021BAAB /* FunctionsUIVIew.swift in Sources */ = {isa = PBXBuildFile; fileRef = 506F36602354FD140021BAAB /* FunctionsUIVIew.swift */; };
/* End PBXBuildFile section */

/* Begin PBXContainerItemProxy section */
		506F364E2354C0FD0021BAAB /* PBXContainerItemProxy */ = {
			isa = PBXContainerItemProxy;
			containerPortal = 506F362F2354C0FD0021BAAB /* Project object */;
			proxyType = 1;
			remoteGlobalIDString = 506F36362354C0FD0021BAAB;
			remoteInfo = AnimationsLab2;
		};
/* End PBXContainerItemProxy section */

/* Begin PBXFileReference section */
		506F36372354C0FD0021BAAB /* AnimationsLab2.app */ = {isa = PBXFileReference; explicitFileType = wrapper.application; includeInIndex = 0; path = AnimationsLab2.app; sourceTree = BUILT_PRODUCTS_DIR; };
		506F363A2354C0FD0021BAAB /* AppDelegate.swift */ = {isa = PBXFileReference; lastKnownFileType = sourcecode.swift; path = AppDelegate.swift; sourceTree = "<group>"; };
		506F363C2354C0FD0021BAAB /* SceneDelegate.swift */ = {isa = PBXFileReference; lastKnownFileType = sourcecode.swift; path = SceneDelegate.swift; sourceTree = "<group>"; };
		506F36432354C0FD0021BAAB /* Assets.xcassets */ = {isa = PBXFileReference; lastKnownFileType = folder.assetcatalog; path = Assets.xcassets; sourceTree = "<group>"; };
		506F36482354C0FD0021BAAB /* Info.plist */ = {isa = PBXFileReference; lastKnownFileType = text.plist.xml; path = Info.plist; sourceTree = "<group>"; };
		506F364D2354C0FD0021BAAB /* AnimationsLab2Tests.xctest */ = {isa = PBXFileReference; explicitFileType = wrapper.cfbundle; includeInIndex = 0; path = AnimationsLab2Tests.xctest; sourceTree = BUILT_PRODUCTS_DIR; };
		506F36512354C0FD0021BAAB /* AnimationsLab2Tests.swift */ = {isa = PBXFileReference; lastKnownFileType = sourcecode.swift; path = AnimationsLab2Tests.swift; sourceTree = "<group>"; };
		506F36532354C0FD0021BAAB /* Info.plist */ = {isa = PBXFileReference; lastKnownFileType = text.plist.xml; path = Info.plist; sourceTree = "<group>"; };
		506F365C2354C14F0021BAAB /* AnimationsVC.swift */ = {isa = PBXFileReference; lastKnownFileType = sourcecode.swift; path = AnimationsVC.swift; sourceTree = "<group>"; };
		506F36602354FD140021BAAB /* FunctionsUIVIew.swift */ = {isa = PBXFileReference; lastKnownFileType = sourcecode.swift; path = FunctionsUIVIew.swift; sourceTree = "<group>"; };
/* End PBXFileReference section */

/* Begin PBXFrameworksBuildPhase section */
		506F36342354C0FD0021BAAB /* Frameworks */ = {
			isa = PBXFrameworksBuildPhase;
			buildActionMask = 2147483647;
			files = (
			);
			runOnlyForDeploymentPostprocessing = 0;
		};
		506F364A2354C0FD0021BAAB /* Frameworks */ = {
			isa = PBXFrameworksBuildPhase;
			buildActionMask = 2147483647;
			files = (
			);
			runOnlyForDeploymentPostprocessing = 0;
		};
/* End PBXFrameworksBuildPhase section */

/* Begin PBXGroup section */
		506F362E2354C0FD0021BAAB = {
			isa = PBXGroup;
			children = (
				506F36392354C0FD0021BAAB /* AnimationsLab2 */,
				506F36502354C0FD0021BAAB /* AnimationsLab2Tests */,
				506F36382354C0FD0021BAAB /* Products */,
			);
			sourceTree = "<group>";
		};
		506F36382354C0FD0021BAAB /* Products */ = {
			isa = PBXGroup;
			children = (
				506F36372354C0FD0021BAAB /* AnimationsLab2.app */,
				506F364D2354C0FD0021BAAB /* AnimationsLab2Tests.xctest */,
			);
			name = Products;
			sourceTree = "<group>";
		};
		506F36392354C0FD0021BAAB /* AnimationsLab2 */ = {
			isa = PBXGroup;
			children = (
				506F363A2354C0FD0021BAAB /* AppDelegate.swift */,
				506F363C2354C0FD0021BAAB /* SceneDelegate.swift */,
				506F36432354C0FD0021BAAB /* Assets.xcassets */,
				506F36482354C0FD0021BAAB /* Info.plist */,
				506F365C2354C14F0021BAAB /* AnimationsVC.swift */,
				506F36602354FD140021BAAB /* FunctionsUIVIew.swift */,
			);
			path = AnimationsLab2;
			sourceTree = "<group>";
		};
		506F36502354C0FD0021BAAB /* AnimationsLab2Tests */ = {
			isa = PBXGroup;
			children = (
				506F36512354C0FD0021BAAB /* AnimationsLab2Tests.swift */,
				506F36532354C0FD0021BAAB /* Info.plist */,
			);
			path = AnimationsLab2Tests;
			sourceTree = "<group>";
		};
/* End PBXGroup section */

/* Begin PBXNativeTarget section */
		506F36362354C0FD0021BAAB /* AnimationsLab2 */ = {
			isa = PBXNativeTarget;
			buildConfigurationList = 506F36562354C0FD0021BAAB /* Build configuration list for PBXNativeTarget "AnimationsLab2" */;
			buildPhases = (
				506F36332354C0FD0021BAAB /* Sources */,
				506F36342354C0FD0021BAAB /* Frameworks */,
				506F36352354C0FD0021BAAB /* Resources */,
			);
			buildRules = (
			);
			dependencies = (
			);
			name = AnimationsLab2;
			productName = AnimationsLab2;
			productReference = 506F36372354C0FD0021BAAB /* AnimationsLab2.app */;
			productType = "com.apple.product-type.application";
		};
		506F364C2354C0FD0021BAAB /* AnimationsLab2Tests */ = {
			isa = PBXNativeTarget;
			buildConfigurationList = 506F36592354C0FD0021BAAB /* Build configuration list for PBXNativeTarget "AnimationsLab2Tests" */;
			buildPhases = (
				506F36492354C0FD0021BAAB /* Sources */,
				506F364A2354C0FD0021BAAB /* Frameworks */,
				506F364B2354C0FD0021BAAB /* Resources */,
			);
			buildRules = (
			);
			dependencies = (
				506F364F2354C0FD0021BAAB /* PBXTargetDependency */,
			);
			name = AnimationsLab2Tests;
			productName = AnimationsLab2Tests;
			productReference = 506F364D2354C0FD0021BAAB /* AnimationsLab2Tests.xctest */;
			productType = "com.apple.product-type.bundle.unit-test";
		};
/* End PBXNativeTarget section */

/* Begin PBXProject section */
		506F362F2354C0FD0021BAAB /* Project object */ = {
			isa = PBXProject;
			attributes = {
				LastSwiftUpdateCheck = 1110;
				LastUpgradeCheck = 1110;
				ORGANIZATIONNAME = "albert coelho oliveira";
				TargetAttributes = {
					506F36362354C0FD0021BAAB = {
						CreatedOnToolsVersion = 11.1;
					};
					506F364C2354C0FD0021BAAB = {
						CreatedOnToolsVersion = 11.1;
						TestTargetID = 506F36362354C0FD0021BAAB;
					};
				};
			};
			buildConfigurationList = 506F36322354C0FD0021BAAB /* Build configuration list for PBXProject "AnimationsLab2" */;
			compatibilityVersion = "Xcode 9.3";
			developmentRegion = en;
			hasScannedForEncodings = 0;
			knownRegions = (
				en,
				Base,
			);
			mainGroup = 506F362E2354C0FD0021BAAB;
			productRefGroup = 506F36382354C0FD0021BAAB /* Products */;
			projectDirPath = "";
			projectRoot = "";
			targets = (
				506F36362354C0FD0021BAAB /* AnimationsLab2 */,
				506F364C2354C0FD0021BAAB /* AnimationsLab2Tests */,
			);
		};
/* End PBXProject section */

/* Begin PBXResourcesBuildPhase section */
		506F36352354C0FD0021BAAB /* Resources */ = {
			isa = PBXResourcesBuildPhase;
			buildActionMask = 2147483647;
			files = (
				506F36442354C0FD0021BAAB /* Assets.xcassets in Resources */,
			);
			runOnlyForDeploymentPostprocessing = 0;
		};
		506F364B2354C0FD0021BAAB /* Resources */ = {
			isa = PBXResourcesBuildPhase;
			buildActionMask = 2147483647;
			files = (
			);
			runOnlyForDeploymentPostprocessing = 0;
		};
/* End PBXResourcesBuildPhase section */

/* Begin PBXSourcesBuildPhase section */
		506F36332354C0FD0021BAAB /* Sources */ = {
			isa = PBXSourcesBuildPhase;
			buildActionMask = 2147483647;
			files = (
				506F363B2354C0FD0021BAAB /* AppDelegate.swift in Sources */,
				506F363D2354C0FD0021BAAB /* SceneDelegate.swift in Sources */,
				506F36612354FD140021BAAB /* FunctionsUIVIew.swift in Sources */,
				506F365D2354C14F0021BAAB /* AnimationsVC.swift in Sources */,
			);
			runOnlyForDeploymentPostprocessing = 0;
		};
		506F36492354C0FD0021BAAB /* Sources */ = {
			isa = PBXSourcesBuildPhase;
			buildActionMask = 2147483647;
			files = (
				506F36522354C0FD0021BAAB /* AnimationsLab2Tests.swift in Sources */,
			);
			runOnlyForDeploymentPostprocessing = 0;
		};
/* End PBXSourcesBuildPhase section */

/* Begin PBXTargetDependency section */
		506F364F2354C0FD0021BAAB /* PBXTargetDependency */ = {
			isa = PBXTargetDependency;
			target = 506F36362354C0FD0021BAAB /* AnimationsLab2 */;
			targetProxy = 506F364E2354C0FD0021BAAB /* PBXContainerItemProxy */;
		};
/* End PBXTargetDependency section */

/* Begin XCBuildConfiguration section */
		506F36542354C0FD0021BAAB /* Debug */ = {
			isa = XCBuildConfiguration;
			buildSettings = {
				ALWAYS_SEARCH_USER_PATHS = NO;
				CLANG_ANALYZER_NONNULL = YES;
				CLANG_ANALYZER_NUMBER_OBJECT_CONVERSION = YES_AGGRESSIVE;
				CLANG_CXX_LANGUAGE_STANDARD = "gnu++14";
				CLANG_CXX_LIBRARY = "libc++";
				CLANG_ENABLE_MODULES = YES;
				CLANG_ENABLE_OBJC_ARC = YES;
				CLANG_ENABLE_OBJC_WEAK = YES;
				CLANG_WARN_BLOCK_CAPTURE_AUTORELEASING = YES;
				CLANG_WARN_BOOL_CONVERSION = YES;
				CLANG_WARN_COMMA = YES;
				CLANG_WARN_CONSTANT_CONVERSION = YES;
				CLANG_WARN_DEPRECATED_OBJC_IMPLEMENTATIONS = YES;
				CLANG_WARN_DIRECT_OBJC_ISA_USAGE = YES_ERROR;
				CLANG_WARN_DOCUMENTATION_COMMENTS = YES;
				CLANG_WARN_EMPTY_BODY = YES;
				CLANG_WARN_ENUM_CONVERSION = YES;
				CLANG_WARN_INFINITE_RECURSION = YES;
				CLANG_WARN_INT_CONVERSION = YES;
				CLANG_WARN_NON_LITERAL_NULL_CONVERSION = YES;
				CLANG_WARN_OBJC_IMPLICIT_RETAIN_SELF = YES;
				CLANG_WARN_OBJC_LITERAL_CONVERSION = YES;
				CLANG_WARN_OBJC_ROOT_CLASS = YES_ERROR;
				CLANG_WARN_RANGE_LOOP_ANALYSIS = YES;
				CLANG_WARN_STRICT_PROTOTYPES = YES;
				CLANG_WARN_SUSPICIOUS_MOVE = YES;
				CLANG_WARN_UNGUARDED_AVAILABILITY = YES_AGGRESSIVE;
				CLANG_WARN_UNREACHABLE_CODE = YES;
				CLANG_WARN__DUPLICATE_METHOD_MATCH = YES;
				COPY_PHASE_STRIP = NO;
				DEBUG_INFORMATION_FORMAT = dwarf;
				ENABLE_STRICT_OBJC_MSGSEND = YES;
				ENABLE_TESTABILITY = YES;
				GCC_C_LANGUAGE_STANDARD = gnu11;
				GCC_DYNAMIC_NO_PIC = NO;
				GCC_NO_COMMON_BLOCKS = YES;
				GCC_OPTIMIZATION_LEVEL = 0;
				GCC_PREPROCESSOR_DEFINITIONS = (
					"DEBUG=1",
					"$(inherited)",
				);
				GCC_WARN_64_TO_32_BIT_CONVERSION = YES;
				GCC_WARN_ABOUT_RETURN_TYPE = YES_ERROR;
				GCC_WARN_UNDECLARED_SELECTOR = YES;
				GCC_WARN_UNINITIALIZED_AUTOS = YES_AGGRESSIVE;
				GCC_WARN_UNUSED_FUNCTION = YES;
				GCC_WARN_UNUSED_VARIABLE = YES;
				IPHONEOS_DEPLOYMENT_TARGET = 13.1;
				MTL_ENABLE_DEBUG_INFO = INCLUDE_SOURCE;
				MTL_FAST_MATH = YES;
				ONLY_ACTIVE_ARCH = YES;
				SDKROOT = iphoneos;
				SWIFT_ACTIVE_COMPILATION_CONDITIONS = DEBUG;
				SWIFT_OPTIMIZATION_LEVEL = "-Onone";
			};
			name = Debug;
		};
		506F36552354C0FD0021BAAB /* Release */ = {
			isa = XCBuildConfiguration;
			buildSettings = {
				ALWAYS_SEARCH_USER_PATHS = NO;
				CLANG_ANALYZER_NONNULL = YES;
				CLANG_ANALYZER_NUMBER_OBJECT_CONVERSION = YES_AGGRESSIVE;
				CLANG_CXX_LANGUAGE_STANDARD = "gnu++14";
				CLANG_CXX_LIBRARY = "libc++";
				CLANG_ENABLE_MODULES = YES;
				CLANG_ENABLE_OBJC_ARC = YES;
				CLANG_ENABLE_OBJC_WEAK = YES;
				CLANG_WARN_BLOCK_CAPTURE_AUTORELEASING = YES;
				CLANG_WARN_BOOL_CONVERSION = YES;
				CLANG_WARN_COMMA = YES;
				CLANG_WARN_CONSTANT_CONVERSION = YES;
				CLANG_WARN_DEPRECATED_OBJC_IMPLEMENTATIONS = YES;
				CLANG_WARN_DIRECT_OBJC_ISA_USAGE = YES_ERROR;
				CLANG_WARN_DOCUMENTATION_COMMENTS = YES;
				CLANG_WARN_EMPTY_BODY = YES;
				CLANG_WARN_ENUM_CONVERSION = YES;
				CLANG_WARN_INFINITE_RECURSION = YES;
				CLANG_WARN_INT_CONVERSION = YES;
				CLANG_WARN_NON_LITERAL_NULL_CONVERSION = YES;
				CLANG_WARN_OBJC_IMPLICIT_RETAIN_SELF = YES;
				CLANG_WARN_OBJC_LITERAL_CONVERSION = YES;
				CLANG_WARN_OBJC_ROOT_CLASS = YES_ERROR;
				CLANG_WARN_RANGE_LOOP_ANALYSIS = YES;
				CLANG_WARN_STRICT_PROTOTYPES = YES;
				CLANG_WARN_SUSPICIOUS_MOVE = YES;
				CLANG_WARN_UNGUARDED_AVAILABILITY = YES_AGGRESSIVE;
				CLANG_WARN_UNREACHABLE_CODE = YES;
				CLANG_WARN__DUPLICATE_METHOD_MATCH = YES;
				COPY_PHASE_STRIP = NO;
				DEBUG_INFORMATION_FORMAT = "dwarf-with-dsym";
				ENABLE_NS_ASSERTIONS = NO;
				ENABLE_STRICT_OBJC_MSGSEND = YES;
				GCC_C_LANGUAGE_STANDARD = gnu11;
				GCC_NO_COMMON_BLOCKS = YES;
				GCC_WARN_64_TO_32_BIT_CONVERSION = YES;
				GCC_WARN_ABOUT_RETURN_TYPE = YES_ERROR;
				GCC_WARN_UNDECLARED_SELECTOR = YES;
				GCC_WARN_UNINITIALIZED_AUTOS = YES_AGGRESSIVE;
				GCC_WARN_UNUSED_FUNCTION = YES;
				GCC_WARN_UNUSED_VARIABLE = YES;
				IPHONEOS_DEPLOYMENT_TARGET = 13.1;
				MTL_ENABLE_DEBUG_INFO = NO;
				MTL_FAST_MATH = YES;
				SDKROOT = iphoneos;
				SWIFT_COMPILATION_MODE = wholemodule;
				SWIFT_OPTIMIZATION_LEVEL = "-O";
				VALIDATE_PRODUCT = YES;
			};
			name = Release;
		};
		506F36572354C0FD0021BAAB /* Debug */ = {
			isa = XCBuildConfiguration;
			buildSettings = {
				ASSETCATALOG_COMPILER_APPICON_NAME = AppIcon;
				CODE_SIGN_STYLE = Automatic;
				DEVELOPMENT_TEAM = NR846ZRL26;
				INFOPLIST_FILE = AnimationsLab2/Info.plist;
				LD_RUNPATH_SEARCH_PATHS = (
					"$(inherited)",
					"@executable_path/Frameworks",
				);
				PRODUCT_BUNDLE_IDENTIFIER = albert.AnimationsLab2;
				PRODUCT_NAME = "$(TARGET_NAME)";
				SWIFT_VERSION = 5.0;
				TARGETED_DEVICE_FAMILY = "1,2";
			};
			name = Debug;
		};
		506F36582354C0FD0021BAAB /* Release */ = {
			isa = XCBuildConfiguration;
			buildSettings = {
				ASSETCATALOG_COMPILER_APPICON_NAME = AppIcon;
				CODE_SIGN_STYLE = Automatic;
				DEVELOPMENT_TEAM = NR846ZRL26;
				INFOPLIST_FILE = AnimationsLab2/Info.plist;
				LD_RUNPATH_SEARCH_PATHS = (
					"$(inherited)",
					"@executable_path/Frameworks",
				);
				PRODUCT_BUNDLE_IDENTIFIER = albert.AnimationsLab2;
				PRODUCT_NAME = "$(TARGET_NAME)";
				SWIFT_VERSION = 5.0;
				TARGETED_DEVICE_FAMILY = "1,2";
			};
			name = Release;
		};
		506F365A2354C0FD0021BAAB /* Debug */ = {
			isa = XCBuildConfiguration;
			buildSettings = {
				ALWAYS_EMBED_SWIFT_STANDARD_LIBRARIES = YES;
				BUNDLE_LOADER = "$(TEST_HOST)";
				CODE_SIGN_STYLE = Automatic;
				DEVELOPMENT_TEAM = NR846ZRL26;
				INFOPLIST_FILE = AnimationsLab2Tests/Info.plist;
				IPHONEOS_DEPLOYMENT_TARGET = 13.1;
				LD_RUNPATH_SEARCH_PATHS = (
					"$(inherited)",
					"@executable_path/Frameworks",
					"@loader_path/Frameworks",
				);
				PRODUCT_BUNDLE_IDENTIFIER = albert.AnimationsLab2Tests;
				PRODUCT_NAME = "$(TARGET_NAME)";
				SWIFT_VERSION = 5.0;
				TARGETED_DEVICE_FAMILY = "1,2";
				TEST_HOST = "$(BUILT_PRODUCTS_DIR)/AnimationsLab2.app/AnimationsLab2";
			};
			name = Debug;
		};
		506F365B2354C0FD0021BAAB /* Release */ = {
			isa = XCBuildConfiguration;
			buildSettings = {
				ALWAYS_EMBED_SWIFT_STANDARD_LIBRARIES = YES;
				BUNDLE_LOADER = "$(TEST_HOST)";
				CODE_SIGN_STYLE = Automatic;
				DEVELOPMENT_TEAM = NR846ZRL26;
				INFOPLIST_FILE = AnimationsLab2Tests/Info.plist;
				IPHONEOS_DEPLOYMENT_TARGET = 13.1;
				LD_RUNPATH_SEARCH_PATHS = (
					"$(inherited)",
					"@executable_path/Frameworks",
					"@loader_path/Frameworks",
				);
				PRODUCT_BUNDLE_IDENTIFIER = albert.AnimationsLab2Tests;
				PRODUCT_NAME = "$(TARGET_NAME)";
				SWIFT_VERSION = 5.0;
				TARGETED_DEVICE_FAMILY = "1,2";
				TEST_HOST = "$(BUILT_PRODUCTS_DIR)/AnimationsLab2.app/AnimationsLab2";
			};
			name = Release;
		};
/* End XCBuildConfiguration section */

/* Begin XCConfigurationList section */
		506F36322354C0FD0021BAAB /* Build configuration list for PBXProject "AnimationsLab2" */ = {
			isa = XCConfigurationList;
			buildConfigurations = (
				506F36542354C0FD0021BAAB /* Debug */,
				506F36552354C0FD0021BAAB /* Release */,
			);
			defaultConfigurationIsVisible = 0;
			defaultConfigurationName = Release;
		};
		506F36562354C0FD0021BAAB /* Build configuration list for PBXNativeTarget "AnimationsLab2" */ = {
			isa = XCConfigurationList;
			buildConfigurations = (
				506F36572354C0FD0021BAAB /* Debug */,
				506F36582354C0FD0021BAAB /* Release */,
			);
			defaultConfigurationIsVisible = 0;
			defaultConfigurationName = Release;
		};
		506F36592354C0FD0021BAAB /* Build configuration list for PBXNativeTarget "AnimationsLab2Tests" */ = {
			isa = XCConfigurationList;
			buildConfigurations = (
				506F365A2354C0FD0021BAAB /* Debug */,
				506F365B2354C0FD0021BAAB /* Release */,
			);
			defaultConfigurationIsVisible = 0;
			defaultConfigurationName = Release;
		};
/* End XCConfigurationList section */
	};
	rootObject = 506F362F2354C0FD0021BAAB /* Project object */;
}
